// !$*UTF8*$!
{
	archiveVersion = 1;
	classes = {
	};
	objectVersion = 50;
	objects = {

/* Begin PBXBuildFile section */
		119A6EE2250D3D9B00F3260C /* AppDelegate.swift in Sources */ = {isa = PBXBuildFile; fileRef = 119A6EE1250D3D9B00F3260C /* AppDelegate.swift */; };
		119A6EE4250D3D9B00F3260C /* SceneDelegate.swift in Sources */ = {isa = PBXBuildFile; fileRef = 119A6EE3250D3D9B00F3260C /* SceneDelegate.swift */; };
		119A6EE6250D3D9B00F3260C /* ViewController.swift in Sources */ = {isa = PBXBuildFile; fileRef = 119A6EE5250D3D9B00F3260C /* ViewController.swift */; };
		119A6EE9250D3D9B00F3260C /* Main.storyboard in Resources */ = {isa = PBXBuildFile; fileRef = 119A6EE7250D3D9B00F3260C /* Main.storyboard */; };
		119A6EEB250D3D9E00F3260C /* Assets.xcassets in Resources */ = {isa = PBXBuildFile; fileRef = 119A6EEA250D3D9E00F3260C /* Assets.xcassets */; };
		119A6EEE250D3D9E00F3260C /* LaunchScreen.storyboard in Resources */ = {isa = PBXBuildFile; fileRef = 119A6EEC250D3D9E00F3260C /* LaunchScreen.storyboard */; };
/* End PBXBuildFile section */

/* Begin PBXFileReference section */
		119A6EDE250D3D9B00F3260C /* buen-viaje.app */ = {isa = PBXFileReference; explicitFileType = wrapper.application; includeInIndex = 0; path = "buen-viaje.app"; sourceTree = BUILT_PRODUCTS_DIR; };
		119A6EE1250D3D9B00F3260C /* AppDelegate.swift */ = {isa = PBXFileReference; lastKnownFileType = sourcecode.swift; path = AppDelegate.swift; sourceTree = "<group>"; };
		119A6EE3250D3D9B00F3260C /* SceneDelegate.swift */ = {isa = PBXFileReference; lastKnownFileType = sourcecode.swift; path = SceneDelegate.swift; sourceTree = "<group>"; };
		119A6EE5250D3D9B00F3260C /* ViewController.swift */ = {isa = PBXFileReference; lastKnownFileType = sourcecode.swift; path = ViewController.swift; sourceTree = "<group>"; };
		119A6EE8250D3D9B00F3260C /* Base */ = {isa = PBXFileReference; lastKnownFileType = file.storyboard; name = Base; path = Base.lproj/Main.storyboard; sourceTree = "<group>"; };
		119A6EEA250D3D9E00F3260C /* Assets.xcassets */ = {isa = PBXFileReference; lastKnownFileType = folder.assetcatalog; path = Assets.xcassets; sourceTree = "<group>"; };
		119A6EED250D3D9E00F3260C /* Base */ = {isa = PBXFileReference; lastKnownFileType = file.storyboard; name = Base; path = Base.lproj/LaunchScreen.storyboard; sourceTree = "<group>"; };
		119A6EEF250D3D9E00F3260C /* Info.plist */ = {isa = PBXFileReference; lastKnownFileType = text.plist.xml; path = Info.plist; sourceTree = "<group>"; };
/* End PBXFileReference section */

/* Begin PBXFrameworksBuildPhase section */
		119A6EDB250D3D9B00F3260C /* Frameworks */ = {
			isa = PBXFrameworksBuildPhase;
			buildActionMask = 2147483647;
			files = (
			);
			runOnlyForDeploymentPostprocessing = 0;
		};
/* End PBXFrameworksBuildPhase section */

/* Begin PBXGroup section */
		119A6ED5250D3D9B00F3260C = {
			isa = PBXGroup;
			children = (
				119A6EE0250D3D9B00F3260C /* buen-viaje */,
				119A6EDF250D3D9B00F3260C /* Products */,
			);
			sourceTree = "<group>";
		};
		119A6EDF250D3D9B00F3260C /* Products */ = {
			isa = PBXGroup;
			children = (
				119A6EDE250D3D9B00F3260C /* buen-viaje.app */,
			);
			name = Products;
			sourceTree = "<group>";
		};
		119A6EE0250D3D9B00F3260C /* buen-viaje */ = {
			isa = PBXGroup;
			children = (
				119A6EE1250D3D9B00F3260C /* AppDelegate.swift */,
				119A6EE3250D3D9B00F3260C /* SceneDelegate.swift */,
				119A6EE5250D3D9B00F3260C /* ViewController.swift */,
				119A6EE7250D3D9B00F3260C /* Main.storyboard */,
				119A6EEA250D3D9E00F3260C /* Assets.xcassets */,
				119A6EEC250D3D9E00F3260C /* LaunchScreen.storyboard */,
				119A6EEF250D3D9E00F3260C /* Info.plist */,
			);
			path = "buen-viaje";
			sourceTree = "<group>";
		};
/* End PBXGroup section */

/* Begin PBXNativeTarget section */
		119A6EDD250D3D9B00F3260C /* buen-viaje */ = {
			isa = PBXNativeTarget;
			buildConfigurationList = 119A6EF2250D3D9E00F3260C /* Build configuration list for PBXNativeTarget "buen-viaje" */;
			buildPhases = (
				119A6EDA250D3D9B00F3260C /* Sources */,
				119A6EDB250D3D9B00F3260C /* Frameworks */,
				119A6EDC250D3D9B00F3260C /* Resources */,
			);
			buildRules = (
			);
			dependencies = (
			);
			name = "buen-viaje";
			productName = "buen-viaje";
			productReference = 119A6EDE250D3D9B00F3260C /* buen-viaje.app */;
			productType = "com.apple.product-type.application";
		};
/* End PBXNativeTarget section */

/* Begin PBXProject section */
		119A6ED6250D3D9B00F3260C /* Project object */ = {
			isa = PBXProject;
			attributes = {
				LastSwiftUpdateCheck = 1160;
				LastUpgradeCheck = 1160;
				ORGANIZATIONNAME = "Alexander Nuzhnyi";
				TargetAttributes = {
					119A6EDD250D3D9B00F3260C = {
						CreatedOnToolsVersion = 11.6;
					};
				};
			};
			buildConfigurationList = 119A6ED9250D3D9B00F3260C /* Build configuration list for PBXProject "buen-viaje" */;
			compatibilityVersion = "Xcode 9.3";
			developmentRegion = en;
			hasScannedForEncodings = 0;
			knownRegions = (
				en,
				Base,
			);
			mainGroup = 119A6ED5250D3D9B00F3260C;
			productRefGroup = 119A6EDF250D3D9B00F3260C /* Products */;
			projectDirPath = "";
			projectRoot = "";
			targets = (
				119A6EDD250D3D9B00F3260C /* buen-viaje */,
			);
		};
/* End PBXProject section */

/* Begin PBXResourcesBuildPhase section */
		119A6EDC250D3D9B00F3260C /* Resources */ = {
			isa = PBXResourcesBuildPhase;
			buildActionMask = 2147483647;
			files = (
				119A6EEE250D3D9E00F3260C /* LaunchScreen.storyboard in Resources */,
				119A6EEB250D3D9E00F3260C /* Assets.xcassets in Resources */,
				119A6EE9250D3D9B00F3260C /* Main.storyboard in Resources */,
			);
			runOnlyForDeploymentPostprocessing = 0;
		};
/* End PBXResourcesBuildPhase section */

/* Begin PBXSourcesBuildPhase section */
		119A6EDA250D3D9B00F3260C /* Sources */ = {
			isa = PBXSourcesBuildPhase;
			buildActionMask = 2147483647;
			files = (
				119A6EE6250D3D9B00F3260C /* ViewController.swift in Sources */,
				119A6EE2250D3D9B00F3260C /* AppDelegate.swift in Sources */,
				119A6EE4250D3D9B00F3260C /* SceneDelegate.swift in Sources */,
			);
			runOnlyForDeploymentPostprocessing = 0;
		};
/* End PBXSourcesBuildPhase section */

/* Begin PBXVariantGroup section */
		119A6EE7250D3D9B00F3260C /* Main.storyboard */ = {
			isa = PBXVariantGroup;
			children = (
				119A6EE8250D3D9B00F3260C /* Base */,
			);
			name = Main.storyboard;
			sourceTree = "<group>";
		};
		119A6EEC250D3D9E00F3260C /* LaunchScreen.storyboard */ = {
			isa = PBXVariantGroup;
			children = (
				119A6EED250D3D9E00F3260C /* Base */,
			);
			name = LaunchScreen.storyboard;
			sourceTree = "<group>";
		};
/* End PBXVariantGroup section */

/* Begin XCBuildConfiguration section */
		119A6EF0250D3D9E00F3260C /* Debug */ = {
			isa = XCBuildConfiguration;
			buildSettings = {
				ALWAYS_SEARCH_USER_PATHS = NO;
				CLANG_ANALYZER_NONNULL = YES;
				CLANG_ANALYZER_NUMBER_OBJECT_CONVERSION = YES_AGGRESSIVE;
				CLANG_CXX_LANGUAGE_STANDARD = "gnu++14";
				CLANG_CXX_LIBRARY = "libc++";
				CLANG_ENABLE_MODULES = YES;
				CLANG_ENABLE_OBJC_ARC = YES;
				CLANG_ENABLE_OBJC_WEAK = YES;
				CLANG_WARN_BLOCK_CAPTURE_AUTORELEASING = YES;
				CLANG_WARN_BOOL_CONVERSION = YES;
				CLANG_WARN_COMMA = YES;
				CLANG_WARN_CONSTANT_CONVERSION = YES;
				CLANG_WARN_DEPRECATED_OBJC_IMPLEMENTATIONS = YES;
				CLANG_WARN_DIRECT_OBJC_ISA_USAGE = YES_ERROR;
				CLANG_WARN_DOCUMENTATION_COMMENTS = YES;
				CLANG_WARN_EMPTY_BODY = YES;
				CLANG_WARN_ENUM_CONVERSION = YES;
				CLANG_WARN_INFINITE_RECURSION = YES;
				CLANG_WARN_INT_CONVERSION = YES;
				CLANG_WARN_NON_LITERAL_NULL_CONVERSION = YES;
				CLANG_WARN_OBJC_IMPLICIT_RETAIN_SELF = YES;
				CLANG_WARN_OBJC_LITERAL_CONVERSION = YES;
				CLANG_WARN_OBJC_ROOT_CLASS = YES_ERROR;
				CLANG_WARN_RANGE_LOOP_ANALYSIS = YES;
				CLANG_WARN_STRICT_PROTOTYPES = YES;
				CLANG_WARN_SUSPICIOUS_MOVE = YES;
				CLANG_WARN_UNGUARDED_AVAILABILITY = YES_AGGRESSIVE;
				CLANG_WARN_UNREACHABLE_CODE = YES;
				CLANG_WARN__DUPLICATE_METHOD_MATCH = YES;
				COPY_PHASE_STRIP = NO;
				DEBUG_INFORMATION_FORMAT = dwarf;
				ENABLE_STRICT_OBJC_MSGSEND = YES;
				ENABLE_TESTABILITY = YES;
				GCC_C_LANGUAGE_STANDARD = gnu11;
				GCC_DYNAMIC_NO_PIC = NO;
				GCC_NO_COMMON_BLOCKS = YES;
				GCC_OPTIMIZATION_LEVEL = 0;
				GCC_PREPROCESSOR_DEFINITIONS = (
					"DEBUG=1",
					"$(inherited)",
				);
				GCC_WARN_64_TO_32_BIT_CONVERSION = YES;
				GCC_WARN_ABOUT_RETURN_TYPE = YES_ERROR;
				GCC_WARN_UNDECLARED_SELECTOR = YES;
				GCC_WARN_UNINITIALIZED_AUTOS = YES_AGGRESSIVE;
				GCC_WARN_UNUSED_FUNCTION = YES;
				GCC_WARN_UNUSED_VARIABLE = YES;
				IPHONEOS_DEPLOYMENT_TARGET = 13.6;
				MTL_ENABLE_DEBUG_INFO = INCLUDE_SOURCE;
				MTL_FAST_MATH = YES;
				ONLY_ACTIVE_ARCH = YES;
				SDKROOT = iphoneos;
				SWIFT_ACTIVE_COMPILATION_CONDITIONS = DEBUG;
				SWIFT_OPTIMIZATION_LEVEL = "-Onone";
			};
			name = Debug;
		};
		119A6EF1250D3D9E00F3260C /* Release */ = {
			isa = XCBuildConfiguration;
			buildSettings = {
				ALWAYS_SEARCH_USER_PATHS = NO;
				CLANG_ANALYZER_NONNULL = YES;
				CLANG_ANALYZER_NUMBER_OBJECT_CONVERSION = YES_AGGRESSIVE;
				CLANG_CXX_LANGUAGE_STANDARD = "gnu++14";
				CLANG_CXX_LIBRARY = "libc++";
				CLANG_ENABLE_MODULES = YES;
				CLANG_ENABLE_OBJC_ARC = YES;
				CLANG_ENABLE_OBJC_WEAK = YES;
				CLANG_WARN_BLOCK_CAPTURE_AUTORELEASING = YES;
				CLANG_WARN_BOOL_CONVERSION = YES;
				CLANG_WARN_COMMA = YES;
				CLANG_WARN_CONSTANT_CONVERSION = YES;
				CLANG_WARN_DEPRECATED_OBJC_IMPLEMENTATIONS = YES;
				CLANG_WARN_DIRECT_OBJC_ISA_USAGE = YES_ERROR;
				CLANG_WARN_DOCUMENTATION_COMMENTS = YES;
				CLANG_WARN_EMPTY_BODY = YES;
				CLANG_WARN_ENUM_CONVERSION = YES;
				CLANG_WARN_INFINITE_RECURSION = YES;
				CLANG_WARN_INT_CONVERSION = YES;
				CLANG_WARN_NON_LITERAL_NULL_CONVERSION = YES;
				CLANG_WARN_OBJC_IMPLICIT_RETAIN_SELF = YES;
				CLANG_WARN_OBJC_LITERAL_CONVERSION = YES;
				CLANG_WARN_OBJC_ROOT_CLASS = YES_ERROR;
				CLANG_WARN_RANGE_LOOP_ANALYSIS = YES;
				CLANG_WARN_STRICT_PROTOTYPES = YES;
				CLANG_WARN_SUSPICIOUS_MOVE = YES;
				CLANG_WARN_UNGUARDED_AVAILABILITY = YES_AGGRESSIVE;
				CLANG_WARN_UNREACHABLE_CODE = YES;
				CLANG_WARN__DUPLICATE_METHOD_MATCH = YES;
				COPY_PHASE_STRIP = NO;
				DEBUG_INFORMATION_FORMAT = "dwarf-with-dsym";
				ENABLE_NS_ASSERTIONS = NO;
				ENABLE_STRICT_OBJC_MSGSEND = YES;
				GCC_C_LANGUAGE_STANDARD = gnu11;
				GCC_NO_COMMON_BLOCKS = YES;
				GCC_WARN_64_TO_32_BIT_CONVERSION = YES;
				GCC_WARN_ABOUT_RETURN_TYPE = YES_ERROR;
				GCC_WARN_UNDECLARED_SELECTOR = YES;
				GCC_WARN_UNINITIALIZED_AUTOS = YES_AGGRESSIVE;
				GCC_WARN_UNUSED_FUNCTION = YES;
				GCC_WARN_UNUSED_VARIABLE = YES;
				IPHONEOS_DEPLOYMENT_TARGET = 13.6;
				MTL_ENABLE_DEBUG_INFO = NO;
				MTL_FAST_MATH = YES;
				SDKROOT = iphoneos;
				SWIFT_COMPILATION_MODE = wholemodule;
				SWIFT_OPTIMIZATION_LEVEL = "-O";
				VALIDATE_PRODUCT = YES;
			};
			name = Release;
		};
		119A6EF3250D3D9E00F3260C /* Debug */ = {
			isa = XCBuildConfiguration;
			buildSettings = {
				ASSETCATALOG_COMPILER_APPICON_NAME = AppIcon;
				CODE_SIGN_STYLE = Automatic;
				DEVELOPMENT_TEAM = ZN234ZPN46;
				INFOPLIST_FILE = "buen-viaje/Info.plist";
				LD_RUNPATH_SEARCH_PATHS = (
					"$(inherited)",
					"@executable_path/Frameworks",
				);
				PRODUCT_BUNDLE_IDENTIFIER = "works.alexander.buen-viaje";
				PRODUCT_NAME = "$(TARGET_NAME)";
				SWIFT_VERSION = 5.0;
				TARGETED_DEVICE_FAMILY = "1,2";
			};
			name = Debug;
		};
		119A6EF4250D3D9E00F3260C /* Release */ = {
			isa = XCBuildConfiguration;
			buildSettings = {
				ASSETCATALOG_COMPILER_APPICON_NAME = AppIcon;
				CODE_SIGN_STYLE = Automatic;
				DEVELOPMENT_TEAM = ZN234ZPN46;
				INFOPLIST_FILE = "buen-viaje/Info.plist";
				LD_RUNPATH_SEARCH_PATHS = (
					"$(inherited)",
					"@executable_path/Frameworks",
				);
				PRODUCT_BUNDLE_IDENTIFIER = "works.alexander.buen-viaje";
				PRODUCT_NAME = "$(TARGET_NAME)";
				SWIFT_VERSION = 5.0;
				TARGETED_DEVICE_FAMILY = "1,2";
			};
			name = Release;
		};
/* End XCBuildConfiguration section */

/* Begin XCConfigurationList section */
		119A6ED9250D3D9B00F3260C /* Build configuration list for PBXProject "buen-viaje" */ = {
			isa = XCConfigurationList;
			buildConfigurations = (
				119A6EF0250D3D9E00F3260C /* Debug */,
				119A6EF1250D3D9E00F3260C /* Release */,
			);
			defaultConfigurationIsVisible = 0;
			defaultConfigurationName = Release;
		};
		119A6EF2250D3D9E00F3260C /* Build configuration list for PBXNativeTarget "buen-viaje" */ = {
			isa = XCConfigurationList;
			buildConfigurations = (
				119A6EF3250D3D9E00F3260C /* Debug */,
				119A6EF4250D3D9E00F3260C /* Release */,
			);
			defaultConfigurationIsVisible = 0;
			defaultConfigurationName = Release;
		};
/* End XCConfigurationList section */
	};
	rootObject = 119A6ED6250D3D9B00F3260C /* Project object */;
}
