// !$*UTF8*$!
{
	archiveVersion = 1;
	classes = {
	};
	objectVersion = 51;
	objects = {

/* Begin PBXBuildFile section */
		1103548725167A8600E1976F /* ThumbnailCell.swift in Sources */ = {isa = PBXBuildFile; fileRef = 1103548625167A8600E1976F /* ThumbnailCell.swift */; };
		115ED49D2512C30E00349CEE /* Vacation.swift in Sources */ = {isa = PBXBuildFile; fileRef = 115ED49C2512C30E00349CEE /* Vacation.swift */; };
		116697332515565600172662 /* Poppins-Black.ttf in Resources */ = {isa = PBXBuildFile; fileRef = 116697212515565400172662 /* Poppins-Black.ttf */; };
		116697342515565600172662 /* Poppins-ExtraLightItalic.ttf in Resources */ = {isa = PBXBuildFile; fileRef = 116697222515565400172662 /* Poppins-ExtraLightItalic.ttf */; };
		116697352515565600172662 /* Poppins-MediumItalic.ttf in Resources */ = {isa = PBXBuildFile; fileRef = 116697232515565400172662 /* Poppins-MediumItalic.ttf */; };
		116697362515565600172662 /* Poppins-SemiBold.ttf in Resources */ = {isa = PBXBuildFile; fileRef = 116697242515565400172662 /* Poppins-SemiBold.ttf */; };
		116697372515565600172662 /* Poppins-ExtraLight.ttf in Resources */ = {isa = PBXBuildFile; fileRef = 116697252515565400172662 /* Poppins-ExtraLight.ttf */; };
		116697382515565600172662 /* Poppins-Light.ttf in Resources */ = {isa = PBXBuildFile; fileRef = 116697262515565400172662 /* Poppins-Light.ttf */; };
		116697392515565600172662 /* Poppins-Bold.ttf in Resources */ = {isa = PBXBuildFile; fileRef = 116697272515565400172662 /* Poppins-Bold.ttf */; };
		1166973A2515565600172662 /* Poppins-ExtraBold.ttf in Resources */ = {isa = PBXBuildFile; fileRef = 116697282515565400172662 /* Poppins-ExtraBold.ttf */; };
		1166973B2515565600172662 /* Poppins-Medium.ttf in Resources */ = {isa = PBXBuildFile; fileRef = 116697292515565500172662 /* Poppins-Medium.ttf */; };
		1166973C2515565600172662 /* Poppins-Regular.ttf in Resources */ = {isa = PBXBuildFile; fileRef = 1166972A2515565500172662 /* Poppins-Regular.ttf */; };
		1166973D2515565600172662 /* Poppins-ExtraBoldItalic.ttf in Resources */ = {isa = PBXBuildFile; fileRef = 1166972B2515565500172662 /* Poppins-ExtraBoldItalic.ttf */; };
		1166973E2515565600172662 /* Poppins-LightItalic.ttf in Resources */ = {isa = PBXBuildFile; fileRef = 1166972C2515565500172662 /* Poppins-LightItalic.ttf */; };
		1166973F2515565600172662 /* Poppins-ThinItalic.ttf in Resources */ = {isa = PBXBuildFile; fileRef = 1166972D2515565500172662 /* Poppins-ThinItalic.ttf */; };
		116697402515565600172662 /* Poppins-SemiBoldItalic.ttf in Resources */ = {isa = PBXBuildFile; fileRef = 1166972E2515565500172662 /* Poppins-SemiBoldItalic.ttf */; };
		116697412515565600172662 /* Poppins-BoldItalic.ttf in Resources */ = {isa = PBXBuildFile; fileRef = 1166972F2515565500172662 /* Poppins-BoldItalic.ttf */; };
		116697422515565600172662 /* Poppins-BlackItalic.ttf in Resources */ = {isa = PBXBuildFile; fileRef = 116697302515565500172662 /* Poppins-BlackItalic.ttf */; };
		116697432515565600172662 /* Poppins-Thin.ttf in Resources */ = {isa = PBXBuildFile; fileRef = 116697312515565500172662 /* Poppins-Thin.ttf */; };
		116697442515565600172662 /* Poppins-Italic.ttf in Resources */ = {isa = PBXBuildFile; fileRef = 116697322515565500172662 /* Poppins-Italic.ttf */; };
		1166974725155DF800172662 /* Int+Ext.swift in Sources */ = {isa = PBXBuildFile; fileRef = 1166974625155DF800172662 /* Int+Ext.swift */; };
		1166974925156B5D00172662 /* VacationDetailsVC.swift in Sources */ = {isa = PBXBuildFile; fileRef = 1166974825156B5D00172662 /* VacationDetailsVC.swift */; };
		1184DEC025140D8600E4A610 /* VacationCell.swift in Sources */ = {isa = PBXBuildFile; fileRef = 1184DEBE25140D8600E4A610 /* VacationCell.swift */; };
		1184DEC125140D8600E4A610 /* VacationCell.xib in Resources */ = {isa = PBXBuildFile; fileRef = 1184DEBF25140D8600E4A610 /* VacationCell.xib */; };
		119A6EE2250D3D9B00F3260C /* AppDelegate.swift in Sources */ = {isa = PBXBuildFile; fileRef = 119A6EE1250D3D9B00F3260C /* AppDelegate.swift */; };
		119A6EE4250D3D9B00F3260C /* SceneDelegate.swift in Sources */ = {isa = PBXBuildFile; fileRef = 119A6EE3250D3D9B00F3260C /* SceneDelegate.swift */; };
		119A6EE6250D3D9B00F3260C /* HomeVC.swift in Sources */ = {isa = PBXBuildFile; fileRef = 119A6EE5250D3D9B00F3260C /* HomeVC.swift */; };
		119A6EE9250D3D9B00F3260C /* Main.storyboard in Resources */ = {isa = PBXBuildFile; fileRef = 119A6EE7250D3D9B00F3260C /* Main.storyboard */; };
		119A6EEB250D3D9E00F3260C /* Assets.xcassets in Resources */ = {isa = PBXBuildFile; fileRef = 119A6EEA250D3D9E00F3260C /* Assets.xcassets */; };
		119A6EEE250D3D9E00F3260C /* LaunchScreen.storyboard in Resources */ = {isa = PBXBuildFile; fileRef = 119A6EEC250D3D9E00F3260C /* LaunchScreen.storyboard */; };
		119A6EF6250D53DD00F3260C /* DemoData.swift in Sources */ = {isa = PBXBuildFile; fileRef = 119A6EF5250D53DD00F3260C /* DemoData.swift */; };
		119A6EFB250D540900F3260C /* RoundedButton.swift in Sources */ = {isa = PBXBuildFile; fileRef = 119A6EF8250D540800F3260C /* RoundedButton.swift */; };
		119A6EFC250D540900F3260C /* ShadowCardView.swift in Sources */ = {isa = PBXBuildFile; fileRef = 119A6EF9250D540800F3260C /* ShadowCardView.swift */; };
		119A6EFD250D540900F3260C /* CardView.swift in Sources */ = {isa = PBXBuildFile; fileRef = 119A6EFA250D540900F3260C /* CardView.swift */; };
		119A6F00250D55DF00F3260C /* LoginVC.swift in Sources */ = {isa = PBXBuildFile; fileRef = 119A6EFE250D55DF00F3260C /* LoginVC.swift */; };
		119A6F01250D55DF00F3260C /* LoginVC.xib in Resources */ = {isa = PBXBuildFile; fileRef = 119A6EFF250D55DF00F3260C /* LoginVC.xib */; };
		119A6F04250D55F000F3260C /* RegisterVC.swift in Sources */ = {isa = PBXBuildFile; fileRef = 119A6F02250D55F000F3260C /* RegisterVC.swift */; };
		119A6F05250D55F000F3260C /* RegisterVC.xib in Resources */ = {isa = PBXBuildFile; fileRef = 119A6F03250D55F000F3260C /* RegisterVC.xib */; };
		BFB0CFA4F1C3FEC6CD03859B /* Pods_buen_viaje.framework in Frameworks */ = {isa = PBXBuildFile; fileRef = FB2A669A157BA975A55E54B9 /* Pods_buen_viaje.framework */; };
/* End PBXBuildFile section */

/* Begin PBXFileReference section */
		1103548625167A8600E1976F /* ThumbnailCell.swift */ = {isa = PBXFileReference; lastKnownFileType = sourcecode.swift; path = ThumbnailCell.swift; sourceTree = "<group>"; };
		115ED49C2512C30E00349CEE /* Vacation.swift */ = {isa = PBXFileReference; lastKnownFileType = sourcecode.swift; path = Vacation.swift; sourceTree = "<group>"; };
		116697212515565400172662 /* Poppins-Black.ttf */ = {isa = PBXFileReference; lastKnownFileType = file; path = "Poppins-Black.ttf"; sourceTree = "<group>"; };
		116697222515565400172662 /* Poppins-ExtraLightItalic.ttf */ = {isa = PBXFileReference; lastKnownFileType = file; path = "Poppins-ExtraLightItalic.ttf"; sourceTree = "<group>"; };
		116697232515565400172662 /* Poppins-MediumItalic.ttf */ = {isa = PBXFileReference; lastKnownFileType = file; path = "Poppins-MediumItalic.ttf"; sourceTree = "<group>"; };
		116697242515565400172662 /* Poppins-SemiBold.ttf */ = {isa = PBXFileReference; lastKnownFileType = file; path = "Poppins-SemiBold.ttf"; sourceTree = "<group>"; };
		116697252515565400172662 /* Poppins-ExtraLight.ttf */ = {isa = PBXFileReference; lastKnownFileType = file; path = "Poppins-ExtraLight.ttf"; sourceTree = "<group>"; };
		116697262515565400172662 /* Poppins-Light.ttf */ = {isa = PBXFileReference; lastKnownFileType = file; path = "Poppins-Light.ttf"; sourceTree = "<group>"; };
		116697272515565400172662 /* Poppins-Bold.ttf */ = {isa = PBXFileReference; lastKnownFileType = file; path = "Poppins-Bold.ttf"; sourceTree = "<group>"; };
		116697282515565400172662 /* Poppins-ExtraBold.ttf */ = {isa = PBXFileReference; lastKnownFileType = file; path = "Poppins-ExtraBold.ttf"; sourceTree = "<group>"; };
		116697292515565500172662 /* Poppins-Medium.ttf */ = {isa = PBXFileReference; lastKnownFileType = file; path = "Poppins-Medium.ttf"; sourceTree = "<group>"; };
		1166972A2515565500172662 /* Poppins-Regular.ttf */ = {isa = PBXFileReference; lastKnownFileType = file; path = "Poppins-Regular.ttf"; sourceTree = "<group>"; };
		1166972B2515565500172662 /* Poppins-ExtraBoldItalic.ttf */ = {isa = PBXFileReference; lastKnownFileType = file; path = "Poppins-ExtraBoldItalic.ttf"; sourceTree = "<group>"; };
		1166972C2515565500172662 /* Poppins-LightItalic.ttf */ = {isa = PBXFileReference; lastKnownFileType = file; path = "Poppins-LightItalic.ttf"; sourceTree = "<group>"; };
		1166972D2515565500172662 /* Poppins-ThinItalic.ttf */ = {isa = PBXFileReference; lastKnownFileType = file; path = "Poppins-ThinItalic.ttf"; sourceTree = "<group>"; };
		1166972E2515565500172662 /* Poppins-SemiBoldItalic.ttf */ = {isa = PBXFileReference; lastKnownFileType = file; path = "Poppins-SemiBoldItalic.ttf"; sourceTree = "<group>"; };
		1166972F2515565500172662 /* Poppins-BoldItalic.ttf */ = {isa = PBXFileReference; lastKnownFileType = file; path = "Poppins-BoldItalic.ttf"; sourceTree = "<group>"; };
		116697302515565500172662 /* Poppins-BlackItalic.ttf */ = {isa = PBXFileReference; lastKnownFileType = file; path = "Poppins-BlackItalic.ttf"; sourceTree = "<group>"; };
		116697312515565500172662 /* Poppins-Thin.ttf */ = {isa = PBXFileReference; lastKnownFileType = file; path = "Poppins-Thin.ttf"; sourceTree = "<group>"; };
		116697322515565500172662 /* Poppins-Italic.ttf */ = {isa = PBXFileReference; lastKnownFileType = file; path = "Poppins-Italic.ttf"; sourceTree = "<group>"; };
		1166974625155DF800172662 /* Int+Ext.swift */ = {isa = PBXFileReference; lastKnownFileType = sourcecode.swift; path = "Int+Ext.swift"; sourceTree = "<group>"; };
		1166974825156B5D00172662 /* VacationDetailsVC.swift */ = {isa = PBXFileReference; lastKnownFileType = sourcecode.swift; path = VacationDetailsVC.swift; sourceTree = "<group>"; };
		1184DEBE25140D8600E4A610 /* VacationCell.swift */ = {isa = PBXFileReference; lastKnownFileType = sourcecode.swift; path = VacationCell.swift; sourceTree = "<group>"; };
		1184DEBF25140D8600E4A610 /* VacationCell.xib */ = {isa = PBXFileReference; lastKnownFileType = file.xib; path = VacationCell.xib; sourceTree = "<group>"; };
		119A6EDE250D3D9B00F3260C /* buen-viaje.app */ = {isa = PBXFileReference; explicitFileType = wrapper.application; includeInIndex = 0; path = "buen-viaje.app"; sourceTree = BUILT_PRODUCTS_DIR; };
		119A6EE1250D3D9B00F3260C /* AppDelegate.swift */ = {isa = PBXFileReference; lastKnownFileType = sourcecode.swift; path = AppDelegate.swift; sourceTree = "<group>"; };
		119A6EE3250D3D9B00F3260C /* SceneDelegate.swift */ = {isa = PBXFileReference; lastKnownFileType = sourcecode.swift; path = SceneDelegate.swift; sourceTree = "<group>"; };
		119A6EE5250D3D9B00F3260C /* HomeVC.swift */ = {isa = PBXFileReference; lastKnownFileType = sourcecode.swift; path = HomeVC.swift; sourceTree = "<group>"; };
		119A6EE8250D3D9B00F3260C /* Base */ = {isa = PBXFileReference; lastKnownFileType = file.storyboard; name = Base; path = Base.lproj/Main.storyboard; sourceTree = "<group>"; };
		119A6EEA250D3D9E00F3260C /* Assets.xcassets */ = {isa = PBXFileReference; lastKnownFileType = folder.assetcatalog; path = Assets.xcassets; sourceTree = "<group>"; };
		119A6EED250D3D9E00F3260C /* Base */ = {isa = PBXFileReference; lastKnownFileType = file.storyboard; name = Base; path = Base.lproj/LaunchScreen.storyboard; sourceTree = "<group>"; };
		119A6EEF250D3D9E00F3260C /* Info.plist */ = {isa = PBXFileReference; lastKnownFileType = text.plist.xml; path = Info.plist; sourceTree = "<group>"; };
		119A6EF5250D53DD00F3260C /* DemoData.swift */ = {isa = PBXFileReference; fileEncoding = 4; lastKnownFileType = sourcecode.swift; path = DemoData.swift; sourceTree = "<group>"; };
		119A6EF8250D540800F3260C /* RoundedButton.swift */ = {isa = PBXFileReference; fileEncoding = 4; lastKnownFileType = sourcecode.swift; path = RoundedButton.swift; sourceTree = "<group>"; };
		119A6EF9250D540800F3260C /* ShadowCardView.swift */ = {isa = PBXFileReference; fileEncoding = 4; lastKnownFileType = sourcecode.swift; path = ShadowCardView.swift; sourceTree = "<group>"; };
		119A6EFA250D540900F3260C /* CardView.swift */ = {isa = PBXFileReference; fileEncoding = 4; lastKnownFileType = sourcecode.swift; path = CardView.swift; sourceTree = "<group>"; };
		119A6EFE250D55DF00F3260C /* LoginVC.swift */ = {isa = PBXFileReference; lastKnownFileType = sourcecode.swift; path = LoginVC.swift; sourceTree = "<group>"; };
		119A6EFF250D55DF00F3260C /* LoginVC.xib */ = {isa = PBXFileReference; lastKnownFileType = file.xib; path = LoginVC.xib; sourceTree = "<group>"; };
		119A6F02250D55F000F3260C /* RegisterVC.swift */ = {isa = PBXFileReference; lastKnownFileType = sourcecode.swift; path = RegisterVC.swift; sourceTree = "<group>"; };
		119A6F03250D55F000F3260C /* RegisterVC.xib */ = {isa = PBXFileReference; lastKnownFileType = file.xib; path = RegisterVC.xib; sourceTree = "<group>"; };
		449FB6F6381B7B947E2C766B /* Pods-buen-viaje.debug.xcconfig */ = {isa = PBXFileReference; includeInIndex = 1; lastKnownFileType = text.xcconfig; name = "Pods-buen-viaje.debug.xcconfig"; path = "Target Support Files/Pods-buen-viaje/Pods-buen-viaje.debug.xcconfig"; sourceTree = "<group>"; };
		70C8EF4D89FA1F30F345713C /* Pods-buen-viaje.release.xcconfig */ = {isa = PBXFileReference; includeInIndex = 1; lastKnownFileType = text.xcconfig; name = "Pods-buen-viaje.release.xcconfig"; path = "Target Support Files/Pods-buen-viaje/Pods-buen-viaje.release.xcconfig"; sourceTree = "<group>"; };
		FB2A669A157BA975A55E54B9 /* Pods_buen_viaje.framework */ = {isa = PBXFileReference; explicitFileType = wrapper.framework; includeInIndex = 0; path = Pods_buen_viaje.framework; sourceTree = BUILT_PRODUCTS_DIR; };
/* End PBXFileReference section */

/* Begin PBXFrameworksBuildPhase section */
		119A6EDB250D3D9B00F3260C /* Frameworks */ = {
			isa = PBXFrameworksBuildPhase;
			buildActionMask = 2147483647;
			files = (
				BFB0CFA4F1C3FEC6CD03859B /* Pods_buen_viaje.framework in Frameworks */,
			);
			runOnlyForDeploymentPostprocessing = 0;
		};
/* End PBXFrameworksBuildPhase section */

/* Begin PBXGroup section */
		115ED49B2512C2EA00349CEE /* Models */ = {
			isa = PBXGroup;
			children = (
				115ED49C2512C30E00349CEE /* Vacation.swift */,
			);
			path = Models;
			sourceTree = "<group>";
		};
		116697202515563400172662 /* Fonts */ = {
			isa = PBXGroup;
			children = (
				116697212515565400172662 /* Poppins-Black.ttf */,
				116697302515565500172662 /* Poppins-BlackItalic.ttf */,
				116697272515565400172662 /* Poppins-Bold.ttf */,
				1166972F2515565500172662 /* Poppins-BoldItalic.ttf */,
				116697282515565400172662 /* Poppins-ExtraBold.ttf */,
				1166972B2515565500172662 /* Poppins-ExtraBoldItalic.ttf */,
				116697252515565400172662 /* Poppins-ExtraLight.ttf */,
				116697222515565400172662 /* Poppins-ExtraLightItalic.ttf */,
				116697322515565500172662 /* Poppins-Italic.ttf */,
				116697262515565400172662 /* Poppins-Light.ttf */,
				1166972C2515565500172662 /* Poppins-LightItalic.ttf */,
				116697292515565500172662 /* Poppins-Medium.ttf */,
				116697232515565400172662 /* Poppins-MediumItalic.ttf */,
				1166972A2515565500172662 /* Poppins-Regular.ttf */,
				116697242515565400172662 /* Poppins-SemiBold.ttf */,
				1166972E2515565500172662 /* Poppins-SemiBoldItalic.ttf */,
				116697312515565500172662 /* Poppins-Thin.ttf */,
				1166972D2515565500172662 /* Poppins-ThinItalic.ttf */,
			);
			path = Fonts;
			sourceTree = "<group>";
		};
		1166974525155DC900172662 /* Extensions */ = {
			isa = PBXGroup;
			children = (
				1166974625155DF800172662 /* Int+Ext.swift */,
			);
			path = Extensions;
			sourceTree = "<group>";
		};
		1184DEBD25140D4D00E4A610 /* Cells */ = {
			isa = PBXGroup;
			children = (
				1184DEBE25140D8600E4A610 /* VacationCell.swift */,
				1184DEBF25140D8600E4A610 /* VacationCell.xib */,
				1103548625167A8600E1976F /* ThumbnailCell.swift */,
			);
			path = Cells;
			sourceTree = "<group>";
		};
		119A6ED5250D3D9B00F3260C = {
			isa = PBXGroup;
			children = (
				119A6EE0250D3D9B00F3260C /* buen-viaje */,
				119A6EDF250D3D9B00F3260C /* Products */,
				1C0D1C9EFDE4E10EBAB5447D /* Pods */,
				463339670B7CFDF3E457F2C2 /* Frameworks */,
			);
			sourceTree = "<group>";
		};
		119A6EDF250D3D9B00F3260C /* Products */ = {
			isa = PBXGroup;
			children = (
				119A6EDE250D3D9B00F3260C /* buen-viaje.app */,
			);
			name = Products;
			sourceTree = "<group>";
		};
		119A6EE0250D3D9B00F3260C /* buen-viaje */ = {
			isa = PBXGroup;
			children = (
				115ED49B2512C2EA00349CEE /* Models */,
				119A6EF7250D53EB00F3260C /* Custom Views */,
				1166974525155DC900172662 /* Extensions */,
				1184DEBD25140D4D00E4A610 /* Cells */,
				119A6F06250D560200F3260C /* LoginRegister */,
				119A6EE5250D3D9B00F3260C /* HomeVC.swift */,
				1166974825156B5D00172662 /* VacationDetailsVC.swift */,
				119A6EE7250D3D9B00F3260C /* Main.storyboard */,
				119A6EE1250D3D9B00F3260C /* AppDelegate.swift */,
				119A6EE3250D3D9B00F3260C /* SceneDelegate.swift */,
				119A6EF5250D53DD00F3260C /* DemoData.swift */,
				119A6EEA250D3D9E00F3260C /* Assets.xcassets */,
				116697202515563400172662 /* Fonts */,
				119A6EEC250D3D9E00F3260C /* LaunchScreen.storyboard */,
				119A6EEF250D3D9E00F3260C /* Info.plist */,
			);
			path = "buen-viaje";
			sourceTree = "<group>";
		};
		119A6EF7250D53EB00F3260C /* Custom Views */ = {
			isa = PBXGroup;
			children = (
				119A6EFA250D540900F3260C /* CardView.swift */,
				119A6EF8250D540800F3260C /* RoundedButton.swift */,
				119A6EF9250D540800F3260C /* ShadowCardView.swift */,
			);
			path = "Custom Views";
			sourceTree = "<group>";
		};
		119A6F06250D560200F3260C /* LoginRegister */ = {
			isa = PBXGroup;
			children = (
				119A6EFE250D55DF00F3260C /* LoginVC.swift */,
				119A6EFF250D55DF00F3260C /* LoginVC.xib */,
				119A6F02250D55F000F3260C /* RegisterVC.swift */,
				119A6F03250D55F000F3260C /* RegisterVC.xib */,
			);
			path = LoginRegister;
			sourceTree = "<group>";
		};
		1C0D1C9EFDE4E10EBAB5447D /* Pods */ = {
			isa = PBXGroup;
			children = (
				449FB6F6381B7B947E2C766B /* Pods-buen-viaje.debug.xcconfig */,
				70C8EF4D89FA1F30F345713C /* Pods-buen-viaje.release.xcconfig */,
			);
			path = Pods;
			sourceTree = "<group>";
		};
		463339670B7CFDF3E457F2C2 /* Frameworks */ = {
			isa = PBXGroup;
			children = (
				FB2A669A157BA975A55E54B9 /* Pods_buen_viaje.framework */,
			);
			name = Frameworks;
			sourceTree = "<group>";
		};
/* End PBXGroup section */

/* Begin PBXNativeTarget section */
		119A6EDD250D3D9B00F3260C /* buen-viaje */ = {
			isa = PBXNativeTarget;
			buildConfigurationList = 119A6EF2250D3D9E00F3260C /* Build configuration list for PBXNativeTarget "buen-viaje" */;
			buildPhases = (
				EC19566248F16DD1933C046A /* [CP] Check Pods Manifest.lock */,
				119A6EDA250D3D9B00F3260C /* Sources */,
				119A6EDB250D3D9B00F3260C /* Frameworks */,
				119A6EDC250D3D9B00F3260C /* Resources */,
				4D9725B8BB33464FA635B822 /* [CP] Embed Pods Frameworks */,
			);
			buildRules = (
			);
			dependencies = (
			);
			name = "buen-viaje";
			productName = "buen-viaje";
			productReference = 119A6EDE250D3D9B00F3260C /* buen-viaje.app */;
			productType = "com.apple.product-type.application";
		};
/* End PBXNativeTarget section */

/* Begin PBXProject section */
		119A6ED6250D3D9B00F3260C /* Project object */ = {
			isa = PBXProject;
			attributes = {
				LastSwiftUpdateCheck = 1160;
				LastUpgradeCheck = 1160;
				ORGANIZATIONNAME = "Alexander Nuzhnyi";
				TargetAttributes = {
					119A6EDD250D3D9B00F3260C = {
						CreatedOnToolsVersion = 11.6;
					};
				};
			};
			buildConfigurationList = 119A6ED9250D3D9B00F3260C /* Build configuration list for PBXProject "buen-viaje" */;
			compatibilityVersion = "Xcode 9.3";
			developmentRegion = en;
			hasScannedForEncodings = 0;
			knownRegions = (
				en,
				Base,
			);
			mainGroup = 119A6ED5250D3D9B00F3260C;
			productRefGroup = 119A6EDF250D3D9B00F3260C /* Products */;
			projectDirPath = "";
			projectRoot = "";
			targets = (
				119A6EDD250D3D9B00F3260C /* buen-viaje */,
			);
		};
/* End PBXProject section */

/* Begin PBXResourcesBuildPhase section */
		119A6EDC250D3D9B00F3260C /* Resources */ = {
			isa = PBXResourcesBuildPhase;
			buildActionMask = 2147483647;
			files = (
				116697372515565600172662 /* Poppins-ExtraLight.ttf in Resources */,
				1166973A2515565600172662 /* Poppins-ExtraBold.ttf in Resources */,
				116697382515565600172662 /* Poppins-Light.ttf in Resources */,
				116697332515565600172662 /* Poppins-Black.ttf in Resources */,
				1166973E2515565600172662 /* Poppins-LightItalic.ttf in Resources */,
				1166973C2515565600172662 /* Poppins-Regular.ttf in Resources */,
				1166973B2515565600172662 /* Poppins-Medium.ttf in Resources */,
				116697362515565600172662 /* Poppins-SemiBold.ttf in Resources */,
				119A6EEE250D3D9E00F3260C /* LaunchScreen.storyboard in Resources */,
				116697342515565600172662 /* Poppins-ExtraLightItalic.ttf in Resources */,
				119A6EEB250D3D9E00F3260C /* Assets.xcassets in Resources */,
				119A6F01250D55DF00F3260C /* LoginVC.xib in Resources */,
				1166973D2515565600172662 /* Poppins-ExtraBoldItalic.ttf in Resources */,
				116697392515565600172662 /* Poppins-Bold.ttf in Resources */,
				119A6EE9250D3D9B00F3260C /* Main.storyboard in Resources */,
				119A6F05250D55F000F3260C /* RegisterVC.xib in Resources */,
				116697422515565600172662 /* Poppins-BlackItalic.ttf in Resources */,
				116697442515565600172662 /* Poppins-Italic.ttf in Resources */,
				116697402515565600172662 /* Poppins-SemiBoldItalic.ttf in Resources */,
				1166973F2515565600172662 /* Poppins-ThinItalic.ttf in Resources */,
				116697412515565600172662 /* Poppins-BoldItalic.ttf in Resources */,
				116697432515565600172662 /* Poppins-Thin.ttf in Resources */,
				1184DEC125140D8600E4A610 /* VacationCell.xib in Resources */,
				116697352515565600172662 /* Poppins-MediumItalic.ttf in Resources */,
			);
			runOnlyForDeploymentPostprocessing = 0;
		};
/* End PBXResourcesBuildPhase section */

/* Begin PBXShellScriptBuildPhase section */
		4D9725B8BB33464FA635B822 /* [CP] Embed Pods Frameworks */ = {
			isa = PBXShellScriptBuildPhase;
			buildActionMask = 2147483647;
			files = (
			);
			inputFileListPaths = (
				"${PODS_ROOT}/Target Support Files/Pods-buen-viaje/Pods-buen-viaje-frameworks-${CONFIGURATION}-input-files.xcfilelist",
			);
			name = "[CP] Embed Pods Frameworks";
			outputFileListPaths = (
				"${PODS_ROOT}/Target Support Files/Pods-buen-viaje/Pods-buen-viaje-frameworks-${CONFIGURATION}-output-files.xcfilelist",
			);
			runOnlyForDeploymentPostprocessing = 0;
			shellPath = /bin/sh;
			shellScript = "\"${PODS_ROOT}/Target Support Files/Pods-buen-viaje/Pods-buen-viaje-frameworks.sh\"\n";
			showEnvVarsInLog = 0;
		};
		EC19566248F16DD1933C046A /* [CP] Check Pods Manifest.lock */ = {
			isa = PBXShellScriptBuildPhase;
			buildActionMask = 2147483647;
			files = (
			);
			inputFileListPaths = (
			);
			inputPaths = (
				"${PODS_PODFILE_DIR_PATH}/Podfile.lock",
				"${PODS_ROOT}/Manifest.lock",
			);
			name = "[CP] Check Pods Manifest.lock";
			outputFileListPaths = (
			);
			outputPaths = (
				"$(DERIVED_FILE_DIR)/Pods-buen-viaje-checkManifestLockResult.txt",
			);
			runOnlyForDeploymentPostprocessing = 0;
			shellPath = /bin/sh;
			shellScript = "diff \"${PODS_PODFILE_DIR_PATH}/Podfile.lock\" \"${PODS_ROOT}/Manifest.lock\" > /dev/null\nif [ $? != 0 ] ; then\n    # print error to STDERR\n    echo \"error: The sandbox is not in sync with the Podfile.lock. Run 'pod install' or update your CocoaPods installation.\" >&2\n    exit 1\nfi\n# This output is used by Xcode 'outputs' to avoid re-running this script phase.\necho \"SUCCESS\" > \"${SCRIPT_OUTPUT_FILE_0}\"\n";
			showEnvVarsInLog = 0;
		};
/* End PBXShellScriptBuildPhase section */

/* Begin PBXSourcesBuildPhase section */
		119A6EDA250D3D9B00F3260C /* Sources */ = {
			isa = PBXSourcesBuildPhase;
			buildActionMask = 2147483647;
			files = (
				115ED49D2512C30E00349CEE /* Vacation.swift in Sources */,
				119A6EFD250D540900F3260C /* CardView.swift in Sources */,
				1103548725167A8600E1976F /* ThumbnailCell.swift in Sources */,
				119A6EFC250D540900F3260C /* ShadowCardView.swift in Sources */,
				119A6F00250D55DF00F3260C /* LoginVC.swift in Sources */,
				1184DEC025140D8600E4A610 /* VacationCell.swift in Sources */,
				119A6EF6250D53DD00F3260C /* DemoData.swift in Sources */,
				119A6EFB250D540900F3260C /* RoundedButton.swift in Sources */,
				119A6EE6250D3D9B00F3260C /* HomeVC.swift in Sources */,
				119A6F04250D55F000F3260C /* RegisterVC.swift in Sources */,
				1166974925156B5D00172662 /* VacationDetailsVC.swift in Sources */,
				119A6EE2250D3D9B00F3260C /* AppDelegate.swift in Sources */,
				119A6EE4250D3D9B00F3260C /* SceneDelegate.swift in Sources */,
				1166974725155DF800172662 /* Int+Ext.swift in Sources */,
			);
			runOnlyForDeploymentPostprocessing = 0;
		};
/* End PBXSourcesBuildPhase section */

/* Begin PBXVariantGroup section */
		119A6EE7250D3D9B00F3260C /* Main.storyboard */ = {
			isa = PBXVariantGroup;
			children = (
				119A6EE8250D3D9B00F3260C /* Base */,
			);
			name = Main.storyboard;
			sourceTree = "<group>";
		};
		119A6EEC250D3D9E00F3260C /* LaunchScreen.storyboard */ = {
			isa = PBXVariantGroup;
			children = (
				119A6EED250D3D9E00F3260C /* Base */,
			);
			name = LaunchScreen.storyboard;
			sourceTree = "<group>";
		};
/* End PBXVariantGroup section */

/* Begin XCBuildConfiguration section */
		119A6EF0250D3D9E00F3260C /* Debug */ = {
			isa = XCBuildConfiguration;
			buildSettings = {
				ALWAYS_SEARCH_USER_PATHS = NO;
				CLANG_ANALYZER_NONNULL = YES;
				CLANG_ANALYZER_NUMBER_OBJECT_CONVERSION = YES_AGGRESSIVE;
				CLANG_CXX_LANGUAGE_STANDARD = "gnu++14";
				CLANG_CXX_LIBRARY = "libc++";
				CLANG_ENABLE_MODULES = YES;
				CLANG_ENABLE_OBJC_ARC = YES;
				CLANG_ENABLE_OBJC_WEAK = YES;
				CLANG_WARN_BLOCK_CAPTURE_AUTORELEASING = YES;
				CLANG_WARN_BOOL_CONVERSION = YES;
				CLANG_WARN_COMMA = YES;
				CLANG_WARN_CONSTANT_CONVERSION = YES;
				CLANG_WARN_DEPRECATED_OBJC_IMPLEMENTATIONS = YES;
				CLANG_WARN_DIRECT_OBJC_ISA_USAGE = YES_ERROR;
				CLANG_WARN_DOCUMENTATION_COMMENTS = YES;
				CLANG_WARN_EMPTY_BODY = YES;
				CLANG_WARN_ENUM_CONVERSION = YES;
				CLANG_WARN_INFINITE_RECURSION = YES;
				CLANG_WARN_INT_CONVERSION = YES;
				CLANG_WARN_NON_LITERAL_NULL_CONVERSION = YES;
				CLANG_WARN_OBJC_IMPLICIT_RETAIN_SELF = YES;
				CLANG_WARN_OBJC_LITERAL_CONVERSION = YES;
				CLANG_WARN_OBJC_ROOT_CLASS = YES_ERROR;
				CLANG_WARN_RANGE_LOOP_ANALYSIS = YES;
				CLANG_WARN_STRICT_PROTOTYPES = YES;
				CLANG_WARN_SUSPICIOUS_MOVE = YES;
				CLANG_WARN_UNGUARDED_AVAILABILITY = YES_AGGRESSIVE;
				CLANG_WARN_UNREACHABLE_CODE = YES;
				CLANG_WARN__DUPLICATE_METHOD_MATCH = YES;
				COPY_PHASE_STRIP = NO;
				DEBUG_INFORMATION_FORMAT = dwarf;
				ENABLE_STRICT_OBJC_MSGSEND = YES;
				ENABLE_TESTABILITY = YES;
				GCC_C_LANGUAGE_STANDARD = gnu11;
				GCC_DYNAMIC_NO_PIC = NO;
				GCC_NO_COMMON_BLOCKS = YES;
				GCC_OPTIMIZATION_LEVEL = 0;
				GCC_PREPROCESSOR_DEFINITIONS = (
					"DEBUG=1",
					"$(inherited)",
				);
				GCC_WARN_64_TO_32_BIT_CONVERSION = YES;
				GCC_WARN_ABOUT_RETURN_TYPE = YES_ERROR;
				GCC_WARN_UNDECLARED_SELECTOR = YES;
				GCC_WARN_UNINITIALIZED_AUTOS = YES_AGGRESSIVE;
				GCC_WARN_UNUSED_FUNCTION = YES;
				GCC_WARN_UNUSED_VARIABLE = YES;
				IPHONEOS_DEPLOYMENT_TARGET = 13.6;
				MTL_ENABLE_DEBUG_INFO = INCLUDE_SOURCE;
				MTL_FAST_MATH = YES;
				ONLY_ACTIVE_ARCH = YES;
				SDKROOT = iphoneos;
				SWIFT_ACTIVE_COMPILATION_CONDITIONS = DEBUG;
				SWIFT_OPTIMIZATION_LEVEL = "-Onone";
			};
			name = Debug;
		};
		119A6EF1250D3D9E00F3260C /* Release */ = {
			isa = XCBuildConfiguration;
			buildSettings = {
				ALWAYS_SEARCH_USER_PATHS = NO;
				CLANG_ANALYZER_NONNULL = YES;
				CLANG_ANALYZER_NUMBER_OBJECT_CONVERSION = YES_AGGRESSIVE;
				CLANG_CXX_LANGUAGE_STANDARD = "gnu++14";
				CLANG_CXX_LIBRARY = "libc++";
				CLANG_ENABLE_MODULES = YES;
				CLANG_ENABLE_OBJC_ARC = YES;
				CLANG_ENABLE_OBJC_WEAK = YES;
				CLANG_WARN_BLOCK_CAPTURE_AUTORELEASING = YES;
				CLANG_WARN_BOOL_CONVERSION = YES;
				CLANG_WARN_COMMA = YES;
				CLANG_WARN_CONSTANT_CONVERSION = YES;
				CLANG_WARN_DEPRECATED_OBJC_IMPLEMENTATIONS = YES;
				CLANG_WARN_DIRECT_OBJC_ISA_USAGE = YES_ERROR;
				CLANG_WARN_DOCUMENTATION_COMMENTS = YES;
				CLANG_WARN_EMPTY_BODY = YES;
				CLANG_WARN_ENUM_CONVERSION = YES;
				CLANG_WARN_INFINITE_RECURSION = YES;
				CLANG_WARN_INT_CONVERSION = YES;
				CLANG_WARN_NON_LITERAL_NULL_CONVERSION = YES;
				CLANG_WARN_OBJC_IMPLICIT_RETAIN_SELF = YES;
				CLANG_WARN_OBJC_LITERAL_CONVERSION = YES;
				CLANG_WARN_OBJC_ROOT_CLASS = YES_ERROR;
				CLANG_WARN_RANGE_LOOP_ANALYSIS = YES;
				CLANG_WARN_STRICT_PROTOTYPES = YES;
				CLANG_WARN_SUSPICIOUS_MOVE = YES;
				CLANG_WARN_UNGUARDED_AVAILABILITY = YES_AGGRESSIVE;
				CLANG_WARN_UNREACHABLE_CODE = YES;
				CLANG_WARN__DUPLICATE_METHOD_MATCH = YES;
				COPY_PHASE_STRIP = NO;
				DEBUG_INFORMATION_FORMAT = "dwarf-with-dsym";
				ENABLE_NS_ASSERTIONS = NO;
				ENABLE_STRICT_OBJC_MSGSEND = YES;
				GCC_C_LANGUAGE_STANDARD = gnu11;
				GCC_NO_COMMON_BLOCKS = YES;
				GCC_WARN_64_TO_32_BIT_CONVERSION = YES;
				GCC_WARN_ABOUT_RETURN_TYPE = YES_ERROR;
				GCC_WARN_UNDECLARED_SELECTOR = YES;
				GCC_WARN_UNINITIALIZED_AUTOS = YES_AGGRESSIVE;
				GCC_WARN_UNUSED_FUNCTION = YES;
				GCC_WARN_UNUSED_VARIABLE = YES;
				IPHONEOS_DEPLOYMENT_TARGET = 13.6;
				MTL_ENABLE_DEBUG_INFO = NO;
				MTL_FAST_MATH = YES;
				SDKROOT = iphoneos;
				SWIFT_COMPILATION_MODE = wholemodule;
				SWIFT_OPTIMIZATION_LEVEL = "-O";
				VALIDATE_PRODUCT = YES;
			};
			name = Release;
		};
		119A6EF3250D3D9E00F3260C /* Debug */ = {
			isa = XCBuildConfiguration;
			baseConfigurationReference = 449FB6F6381B7B947E2C766B /* Pods-buen-viaje.debug.xcconfig */;
			buildSettings = {
				ASSETCATALOG_COMPILER_APPICON_NAME = AppIcon;
				CODE_SIGN_STYLE = Automatic;
				DEVELOPMENT_TEAM = ZN234ZPN46;
				INFOPLIST_FILE = "buen-viaje/Info.plist";
				IPHONEOS_DEPLOYMENT_TARGET = 13.0;
				LD_RUNPATH_SEARCH_PATHS = (
					"$(inherited)",
					"@executable_path/Frameworks",
				);
				PRODUCT_BUNDLE_IDENTIFIER = "works.alexander.buen-viaje";
				PRODUCT_NAME = "$(TARGET_NAME)";
				SWIFT_VERSION = 5.0;
				TARGETED_DEVICE_FAMILY = "1,2";
			};
			name = Debug;
		};
		119A6EF4250D3D9E00F3260C /* Release */ = {
			isa = XCBuildConfiguration;
			baseConfigurationReference = 70C8EF4D89FA1F30F345713C /* Pods-buen-viaje.release.xcconfig */;
			buildSettings = {
				ASSETCATALOG_COMPILER_APPICON_NAME = AppIcon;
				CODE_SIGN_STYLE = Automatic;
				DEVELOPMENT_TEAM = ZN234ZPN46;
				INFOPLIST_FILE = "buen-viaje/Info.plist";
				IPHONEOS_DEPLOYMENT_TARGET = 13.0;
				LD_RUNPATH_SEARCH_PATHS = (
					"$(inherited)",
					"@executable_path/Frameworks",
				);
				PRODUCT_BUNDLE_IDENTIFIER = "works.alexander.buen-viaje";
				PRODUCT_NAME = "$(TARGET_NAME)";
				SWIFT_VERSION = 5.0;
				TARGETED_DEVICE_FAMILY = "1,2";
			};
			name = Release;
		};
/* End XCBuildConfiguration section */

/* Begin XCConfigurationList section */
		119A6ED9250D3D9B00F3260C /* Build configuration list for PBXProject "buen-viaje" */ = {
			isa = XCConfigurationList;
			buildConfigurations = (
				119A6EF0250D3D9E00F3260C /* Debug */,
				119A6EF1250D3D9E00F3260C /* Release */,
			);
			defaultConfigurationIsVisible = 0;
			defaultConfigurationName = Release;
		};
		119A6EF2250D3D9E00F3260C /* Build configuration list for PBXNativeTarget "buen-viaje" */ = {
			isa = XCConfigurationList;
			buildConfigurations = (
				119A6EF3250D3D9E00F3260C /* Debug */,
				119A6EF4250D3D9E00F3260C /* Release */,
			);
			defaultConfigurationIsVisible = 0;
			defaultConfigurationName = Release;
		};
/* End XCConfigurationList section */
	};
	rootObject = 119A6ED6250D3D9B00F3260C /* Project object */;
}
